{
  "name": "photoflow",
  "version": "1.0.0",
  "lockfileVersion": 1,
  "requires": true,
  "dependencies": {
    "@types/luxon": {
      "version": "2.0.8",
      "resolved": "https://registry.npmjs.org/@types/luxon/-/luxon-2.0.8.tgz",
      "integrity": "sha512-lGmxL6hMEVqXr8w9bL52RUWXVu90o7vH8WQSutQssr2e+w0TNttXx2Zfw2V2lHHHWfW6OGqB8bXDvtKocv19qQ==",
      "dev": true
    },
    "@types/node": {
      "version": "17.0.5",
      "resolved": "https://registry.npmjs.org/@types/node/-/node-17.0.5.tgz",
      "integrity": "sha512-w3mrvNXLeDYV1GKTZorGJQivK6XLCoGwpnyJFbJVK/aTBQUxOCaa/GlFAAN3OTDFcb7h5tiFG+YXCO2By+riZw==",
      "dev": true
    },
    "catchment": {
      "version": "1.0.0",
      "resolved": "https://registry.npmjs.org/catchment/-/catchment-1.0.0.tgz",
      "integrity": "sha1-MGH3G+AQJxC+hDKNL5Q2OhZfjEs="
    },
    "is-stream": {
      "version": "1.1.0",
      "resolved": "https://registry.npmjs.org/is-stream/-/is-stream-1.1.0.tgz",
      "integrity": "sha1-EtSj3U5o4Lec6428hBc66A2RykQ="
    },
    "luxon": {
      "version": "2.2.0",
      "resolved": "https://registry.npmjs.org/luxon/-/luxon-2.2.0.tgz",
      "integrity": "sha512-LwmknessH4jVIseCsizUgveIHwlLv/RQZWC2uDSMfGJs7w8faPUi2JFxfyfMcTPrpNbChTem3Uz6IKRtn+LcIA=="
    },
    "makepromise": {
      "version": "1.0.0",
      "resolved": "https://registry.npmjs.org/makepromise/-/makepromise-1.0.0.tgz",
      "integrity": "sha1-vGu2o+Bv1wbfUcKSO2k2+r1wqn8="
    },
    "node-exiftool": {
      "version": "2.3.0",
      "resolved": "https://registry.npmjs.org/node-exiftool/-/node-exiftool-2.3.0.tgz",
      "integrity": "sha1-1RQtNN5vFoO0ZVGYtkjn4+5ugKw=",
      "requires": {
        "is-stream": "1.1.0",
        "restream": "1.2.0",
        "wrote": "0.6.1"
      }
    },
    "printf": {
      "version": "0.6.1",
      "resolved": "https://registry.npmjs.org/printf/-/printf-0.6.1.tgz",
      "integrity": "sha512-is0ctgGdPJ5951KulgfzvHGwJtZ5ck8l042vRkV6jrkpBzTmb/lueTqguWHy2JfVA+RY6gFVlaZgUS0j7S/dsw=="
    },
    "restream": {
      "version": "1.2.0",
      "resolved": "https://registry.npmjs.org/restream/-/restream-1.2.0.tgz",
      "integrity": "sha1-/ROwMaVOgMxl0YeMQxSfGzpA77s="
    },
    "sprintf-js": {
      "version": "1.1.2",
      "resolved": "https://registry.npmjs.org/sprintf-js/-/sprintf-js-1.1.2.tgz",
      "integrity": "sha512-VE0SOVEHCk7Qc8ulkWw3ntAzXuqf7S2lvwQaDLRnUeIEaKNQJzV6BwmLKhOqT61aGhfUMrXeaBk+oDGCzvhcug=="
    },
    "typescript": {
      "version": "4.5.4",
      "resolved": "https://registry.npmjs.org/typescript/-/typescript-4.5.4.tgz",
      "integrity": "sha512-VgYs2A2QIRuGphtzFV7aQJduJ2gyfTljngLzjpfW9FoYZF6xuw1W0vW9ghCKLfcWrCFxK81CSGRAvS1pn4fIUg==",
      "dev": true
    },
    "wrote": {
      "version": "0.6.1",
      "resolved": "https://registry.npmjs.org/wrote/-/wrote-0.6.1.tgz",
      "integrity": "sha1-7/Ee/dbxhCSnC66i30Mirzdbj74=",
      "requires": {
        "catchment": "1.0.0",
        "makepromise": "1.0.0"
      }
    }
  }
}
